
Microsoft Visual Studio Solution File, Format Version 12.00
# Visual Studio Version 17
VisualStudioVersion = 17.12.35707.178
MinimumVisualStudioVersion = 10.0.40219.1
Project("{FAE04EC0-301F-11D3-BF4B-00C04F79EFBC}") = "AnimeReviewWebApp", "AnimeReviewWebApp\AnimeReviewWebApp.csproj", "{316A60B9-AA8E-4344-AF09-2451DBEE2168}"
EndProject
Project("{FAE04EC0-301F-11D3-BF4B-00C04F79EFBC}") = "AnimeReviewWebApp.Test", "AnimeReviewWebApp.Test\AnimeReviewWebApp.Test.csproj", "{5C851C22-FCF2-4382-B669-BCCB50DE6117}"
EndProject
Global
	GlobalSection(SolutionConfigurationPlatforms) = preSolution
		Debug|Any CPU = Debug|Any CPU
		Release|Any CPU = Release|Any CPU
	EndGlobalSection
	GlobalSection(ProjectConfigurationPlatforms) = postSolution
		{316A60B9-AA8E-4344-AF09-2451DBEE2168}.Debug|Any CPU.ActiveCfg = Debug|Any CPU
		{316A60B9-AA8E-4344-AF09-2451DBEE2168}.Debug|Any CPU.Build.0 = Debug|Any CPU
		{316A60B9-AA8E-4344-AF09-2451DBEE2168}.Release|Any CPU.ActiveCfg = Release|Any CPU
		{316A60B9-AA8E-4344-AF09-2451DBEE2168}.Release|Any CPU.Build.0 = Release|Any CPU
		{5C851C22-FCF2-4382-B669-BCCB50DE6117}.Debug|Any CPU.ActiveCfg = Debug|Any CPU
		{5C851C22-FCF2-4382-B669-BCCB50DE6117}.Debug|Any CPU.Build.0 = Debug|Any CPU
		{5C851C22-FCF2-4382-B669-BCCB50DE6117}.Release|Any CPU.ActiveCfg = Release|Any CPU
		{5C851C22-FCF2-4382-B669-BCCB50DE6117}.Release|Any CPU.Build.0 = Release|Any CPU
	EndGlobalSection
	GlobalSection(SolutionProperties) = preSolution
		HideSolutionNode = FALSE
	EndGlobalSection
EndGlobal
